PODS:
  - Nimble (5.0.0)
  - PureLayout (3.0.2)
  - Quick (1.0.0)
  - RxCocoa (3.0.1):
    - RxSwift (~> 3.0)
  - RxSwift (3.0.1)

DEPENDENCIES:
  - Nimble (~> 5.0.0)
  - PureLayout
  - Quick
  - RxCocoa (~> 3.0)
  - RxSwift (~> 3.0)

SPEC CHECKSUMS:
  Nimble: 56fc9f5020effa2206de22c3dd910f4fb011b92f
  PureLayout: 4d550abe49a94f24c2808b9b95db9131685fe4cd
  Quick: 8024e4a47e6cc03a9d5245ef0948264fc6d27cff
  RxCocoa: 15a52fc590dcc700cb4a690a633b5c5184ce3a78
  RxSwift: af5680055c4ad04480189c52d28385b1029493a6

PODFILE CHECKSUM: 7147d28db0d32efea959562b92a1e856b6a77e81

COCOAPODS: 1.1.1
