// !$*UTF8*$!
{
	archiveVersion = 1;
	classes = {
	};
	objectVersion = 46;
	objects = {

/* Begin PBXBuildFile section */
		753FD122452EB410DDFCA707 /* ViewController.swift in Sources */ = {isa = PBXBuildFile; fileRef = 753FD165093506BFDEA09442 /* ViewController.swift */; };
		753FD7A65A41DAE821DCEBD6 /* Assets.xcassets in Resources */ = {isa = PBXBuildFile; fileRef = 753FDF76E86534C3CD6C6729 /* Assets.xcassets */; };
		753FD9F496E6E39B37058B88 /* AppDelegate.swift in Sources */ = {isa = PBXBuildFile; fileRef = 753FD9A153E6F22C3B5E1EB6 /* AppDelegate.swift */; };
		753FDD14958678D88F0693A8 /* RootViewController.swift in Sources */ = {isa = PBXBuildFile; fileRef = 753FD96F0512106EFA5DA850 /* RootViewController.swift */; };
		D5257A691DF9FB310054BED1 /* meeterSpec.swift in Sources */ = {isa = PBXBuildFile; fileRef = D5257A681DF9FB310054BED1 /* meeterSpec.swift */; };
		D5257A741DF9FB310054BED1 /* meeterUITests.swift in Sources */ = {isa = PBXBuildFile; fileRef = D5257A731DF9FB310054BED1 /* meeterUITests.swift */; };
		D68C36288B7D188A3429939D /* Pods_meeterTests.framework in Frameworks */ = {isa = PBXBuildFile; fileRef = 0A0C0DEA31E6256BE7A6C834 /* Pods_meeterTests.framework */; };
		E13EBB909DC7382F261F33AF /* Pods_meeter.framework in Frameworks */ = {isa = PBXBuildFile; fileRef = 629030DD03A87A1DFE4D41E8 /* Pods_meeter.framework */; };
/* End PBXBuildFile section */

/* Begin PBXContainerItemProxy section */
		D5257A651DF9FB310054BED1 /* PBXContainerItemProxy */ = {
			isa = PBXContainerItemProxy;
			containerPortal = D5257A481DF9FB300054BED1 /* Project object */;
			proxyType = 1;
			remoteGlobalIDString = D5257A4F1DF9FB300054BED1;
			remoteInfo = meeter;
		};
		D5257A701DF9FB310054BED1 /* PBXContainerItemProxy */ = {
			isa = PBXContainerItemProxy;
			containerPortal = D5257A481DF9FB300054BED1 /* Project object */;
			proxyType = 1;
			remoteGlobalIDString = D5257A4F1DF9FB300054BED1;
			remoteInfo = meeter;
		};
/* End PBXContainerItemProxy section */

/* Begin PBXFileReference section */
		0A0C0DEA31E6256BE7A6C834 /* Pods_meeterTests.framework */ = {isa = PBXFileReference; explicitFileType = wrapper.framework; includeInIndex = 0; path = Pods_meeterTests.framework; sourceTree = BUILT_PRODUCTS_DIR; };
		26EDD54FB1D07DF273B83D5C /* Pods-meeterTests.release.xcconfig */ = {isa = PBXFileReference; includeInIndex = 1; lastKnownFileType = text.xcconfig; name = "Pods-meeterTests.release.xcconfig"; path = "Pods/Target Support Files/Pods-meeterTests/Pods-meeterTests.release.xcconfig"; sourceTree = "<group>"; };
		2B7AEA6766BCE9C2BDC3362A /* Pods-meeterTests.debug.xcconfig */ = {isa = PBXFileReference; includeInIndex = 1; lastKnownFileType = text.xcconfig; name = "Pods-meeterTests.debug.xcconfig"; path = "Pods/Target Support Files/Pods-meeterTests/Pods-meeterTests.debug.xcconfig"; sourceTree = "<group>"; };
		629030DD03A87A1DFE4D41E8 /* Pods_meeter.framework */ = {isa = PBXFileReference; explicitFileType = wrapper.framework; includeInIndex = 0; path = Pods_meeter.framework; sourceTree = BUILT_PRODUCTS_DIR; };
		753FD165093506BFDEA09442 /* ViewController.swift */ = {isa = PBXFileReference; fileEncoding = 4; lastKnownFileType = sourcecode.swift; path = ViewController.swift; sourceTree = "<group>"; };
		753FD96F0512106EFA5DA850 /* RootViewController.swift */ = {isa = PBXFileReference; fileEncoding = 4; lastKnownFileType = sourcecode.swift; path = RootViewController.swift; sourceTree = "<group>"; };
		753FD9A153E6F22C3B5E1EB6 /* AppDelegate.swift */ = {isa = PBXFileReference; fileEncoding = 4; lastKnownFileType = sourcecode.swift; path = AppDelegate.swift; sourceTree = "<group>"; };
		753FDF76E86534C3CD6C6729 /* Assets.xcassets */ = {isa = PBXFileReference; lastKnownFileType = folder.assetcatalog; path = Assets.xcassets; sourceTree = "<group>"; };
		753FDF7A5785FDCB3F555DA5 /* Info.plist */ = {isa = PBXFileReference; fileEncoding = 4; lastKnownFileType = text.plist.info; path = Info.plist; sourceTree = "<group>"; };
		D0505287D8F33A2E4BB3CF84 /* Pods-meeter.debug.xcconfig */ = {isa = PBXFileReference; includeInIndex = 1; lastKnownFileType = text.xcconfig; name = "Pods-meeter.debug.xcconfig"; path = "Pods/Target Support Files/Pods-meeter/Pods-meeter.debug.xcconfig"; sourceTree = "<group>"; };
		D5257A501DF9FB310054BED1 /* meeter.app */ = {isa = PBXFileReference; explicitFileType = wrapper.application; includeInIndex = 0; path = meeter.app; sourceTree = BUILT_PRODUCTS_DIR; };
		D5257A641DF9FB310054BED1 /* meeterTests.xctest */ = {isa = PBXFileReference; explicitFileType = wrapper.cfbundle; includeInIndex = 0; path = meeterTests.xctest; sourceTree = BUILT_PRODUCTS_DIR; };
		D5257A681DF9FB310054BED1 /* meeterSpec.swift */ = {isa = PBXFileReference; lastKnownFileType = sourcecode.swift; path = meeterSpec.swift; sourceTree = "<group>"; };
		D5257A6A1DF9FB310054BED1 /* Info.plist */ = {isa = PBXFileReference; lastKnownFileType = text.plist.xml; path = Info.plist; sourceTree = "<group>"; };
		D5257A6F1DF9FB310054BED1 /* meeterUITests.xctest */ = {isa = PBXFileReference; explicitFileType = wrapper.cfbundle; includeInIndex = 0; path = meeterUITests.xctest; sourceTree = BUILT_PRODUCTS_DIR; };
		D5257A731DF9FB310054BED1 /* meeterUITests.swift */ = {isa = PBXFileReference; lastKnownFileType = sourcecode.swift; path = meeterUITests.swift; sourceTree = "<group>"; };
		D5257A751DF9FB310054BED1 /* Info.plist */ = {isa = PBXFileReference; lastKnownFileType = text.plist.xml; path = Info.plist; sourceTree = "<group>"; };
		E82853A199286AE1989592EF /* Pods-meeter.release.xcconfig */ = {isa = PBXFileReference; includeInIndex = 1; lastKnownFileType = text.xcconfig; name = "Pods-meeter.release.xcconfig"; path = "Pods/Target Support Files/Pods-meeter/Pods-meeter.release.xcconfig"; sourceTree = "<group>"; };
/* End PBXFileReference section */

/* Begin PBXFrameworksBuildPhase section */
		D5257A4D1DF9FB300054BED1 /* Frameworks */ = {
			isa = PBXFrameworksBuildPhase;
			buildActionMask = 2147483647;
			files = (
				E13EBB909DC7382F261F33AF /* Pods_meeter.framework in Frameworks */,
			);
			runOnlyForDeploymentPostprocessing = 0;
		};
		D5257A611DF9FB310054BED1 /* Frameworks */ = {
			isa = PBXFrameworksBuildPhase;
			buildActionMask = 2147483647;
			files = (
				D68C36288B7D188A3429939D /* Pods_meeterTests.framework in Frameworks */,
			);
			runOnlyForDeploymentPostprocessing = 0;
		};
		D5257A6C1DF9FB310054BED1 /* Frameworks */ = {
			isa = PBXFrameworksBuildPhase;
			buildActionMask = 2147483647;
			files = (
			);
			runOnlyForDeploymentPostprocessing = 0;
		};
/* End PBXFrameworksBuildPhase section */

/* Begin PBXGroup section */
		0A19B7514ED6A2E2D0C1D4E2 /* Frameworks */ = {
			isa = PBXGroup;
			children = (
				629030DD03A87A1DFE4D41E8 /* Pods_meeter.framework */,
				0A0C0DEA31E6256BE7A6C834 /* Pods_meeterTests.framework */,
			);
			name = Frameworks;
			sourceTree = "<group>";
		};
		3316FAA1B928BD34CC4BCF31 /* Pods */ = {
			isa = PBXGroup;
			children = (
				D0505287D8F33A2E4BB3CF84 /* Pods-meeter.debug.xcconfig */,
				E82853A199286AE1989592EF /* Pods-meeter.release.xcconfig */,
				2B7AEA6766BCE9C2BDC3362A /* Pods-meeterTests.debug.xcconfig */,
				26EDD54FB1D07DF273B83D5C /* Pods-meeterTests.release.xcconfig */,
			);
			name = Pods;
			sourceTree = "<group>";
		};
		753FD2BC929F01175C319FFF /* Assets */ = {
			isa = PBXGroup;
			children = (
				753FDF76E86534C3CD6C6729 /* Assets.xcassets */,
			);
			path = Assets;
			sourceTree = "<group>";
		};
		753FD58190207C75E6CB379F /* Application */ = {
			isa = PBXGroup;
			children = (
				753FD9A153E6F22C3B5E1EB6 /* AppDelegate.swift */,
			);
			path = Application;
			sourceTree = "<group>";
		};
		753FD68E1B332F785BF282B6 /* Resources */ = {
			isa = PBXGroup;
			children = (
				753FD2BC929F01175C319FFF /* Assets */,
				753FDCE8619F188DE336C5D8 /* Plists */,
			);
			path = Resources;
			sourceTree = "<group>";
		};
		753FD9840937DE0AD2C09B1E /* ViewControllers */ = {
			isa = PBXGroup;
			children = (
				753FD96F0512106EFA5DA850 /* RootViewController.swift */,
				753FDBD5CE4378AA9A004D22 /* Abstract */,
			);
			path = ViewControllers;
			sourceTree = "<group>";
		};
		753FDBD5CE4378AA9A004D22 /* Abstract */ = {
			isa = PBXGroup;
			children = (
				753FD165093506BFDEA09442 /* ViewController.swift */,
			);
			path = Abstract;
			sourceTree = "<group>";
		};
		753FDCE8619F188DE336C5D8 /* Plists */ = {
			isa = PBXGroup;
			children = (
				753FDF7A5785FDCB3F555DA5 /* Info.plist */,
			);
			path = Plists;
			sourceTree = "<group>";
		};
		D5257A471DF9FB300054BED1 = {
			isa = PBXGroup;
			children = (
				D5257A521DF9FB310054BED1 /* meeter */,
				D5257A671DF9FB310054BED1 /* meeterTests */,
				D5257A721DF9FB310054BED1 /* meeterUITests */,
				D5257A511DF9FB310054BED1 /* Products */,
				3316FAA1B928BD34CC4BCF31 /* Pods */,
				0A19B7514ED6A2E2D0C1D4E2 /* Frameworks */,
			);
			sourceTree = "<group>";
		};
		D5257A511DF9FB310054BED1 /* Products */ = {
			isa = PBXGroup;
			children = (
				D5257A501DF9FB310054BED1 /* meeter.app */,
				D5257A641DF9FB310054BED1 /* meeterTests.xctest */,
				D5257A6F1DF9FB310054BED1 /* meeterUITests.xctest */,
			);
			name = Products;
			sourceTree = "<group>";
		};
		D5257A521DF9FB310054BED1 /* meeter */ = {
			isa = PBXGroup;
			children = (
				753FD9840937DE0AD2C09B1E /* ViewControllers */,
				753FD68E1B332F785BF282B6 /* Resources */,
				753FD58190207C75E6CB379F /* Application */,
			);
			path = meeter;
			sourceTree = "<group>";
		};
		D5257A671DF9FB310054BED1 /* meeterTests */ = {
			isa = PBXGroup;
			children = (
				D5257A681DF9FB310054BED1 /* meeterSpec.swift */,
				D5257A6A1DF9FB310054BED1 /* Info.plist */,
			);
			path = meeterTests;
			sourceTree = "<group>";
		};
		D5257A721DF9FB310054BED1 /* meeterUITests */ = {
			isa = PBXGroup;
			children = (
				D5257A731DF9FB310054BED1 /* meeterUITests.swift */,
				D5257A751DF9FB310054BED1 /* Info.plist */,
			);
			path = meeterUITests;
			sourceTree = "<group>";
		};
/* End PBXGroup section */

/* Begin PBXNativeTarget section */
		D5257A4F1DF9FB300054BED1 /* meeter */ = {
			isa = PBXNativeTarget;
			buildConfigurationList = D5257A781DF9FB310054BED1 /* Build configuration list for PBXNativeTarget "meeter" */;
			buildPhases = (
				9AC705228BE3153C34DBB1B2 /* [CP] Check Pods Manifest.lock */,
				D5257A4C1DF9FB300054BED1 /* Sources */,
				D5257A4D1DF9FB300054BED1 /* Frameworks */,
				D5257A4E1DF9FB300054BED1 /* Resources */,
				B3EACBE6F363A5ACC0A5A152 /* [CP] Embed Pods Frameworks */,
				63BB2C16ABEDD56E56EB781C /* [CP] Copy Pods Resources */,
			);
			buildRules = (
			);
			dependencies = (
			);
			name = meeter;
			productName = meeter;
			productReference = D5257A501DF9FB310054BED1 /* meeter.app */;
			productType = "com.apple.product-type.application";
		};
		D5257A631DF9FB310054BED1 /* meeterTests */ = {
			isa = PBXNativeTarget;
			buildConfigurationList = D5257A7B1DF9FB310054BED1 /* Build configuration list for PBXNativeTarget "meeterTests" */;
			buildPhases = (
				1FF38F64A4E260003E198559 /* [CP] Check Pods Manifest.lock */,
				D5257A601DF9FB310054BED1 /* Sources */,
				D5257A611DF9FB310054BED1 /* Frameworks */,
				D5257A621DF9FB310054BED1 /* Resources */,
				9E84396301D081C7E3117BE3 /* [CP] Embed Pods Frameworks */,
				162A00825FC720135D1A09BA /* [CP] Copy Pods Resources */,
			);
			buildRules = (
			);
			dependencies = (
				D5257A661DF9FB310054BED1 /* PBXTargetDependency */,
			);
			name = meeterTests;
			productName = meeterTests;
			productReference = D5257A641DF9FB310054BED1 /* meeterTests.xctest */;
			productType = "com.apple.product-type.bundle.unit-test";
		};
		D5257A6E1DF9FB310054BED1 /* meeterUITests */ = {
			isa = PBXNativeTarget;
			buildConfigurationList = D5257A7E1DF9FB310054BED1 /* Build configuration list for PBXNativeTarget "meeterUITests" */;
			buildPhases = (
				D5257A6B1DF9FB310054BED1 /* Sources */,
				D5257A6C1DF9FB310054BED1 /* Frameworks */,
				D5257A6D1DF9FB310054BED1 /* Resources */,
			);
			buildRules = (
			);
			dependencies = (
				D5257A711DF9FB310054BED1 /* PBXTargetDependency */,
			);
			name = meeterUITests;
			productName = meeterUITests;
			productReference = D5257A6F1DF9FB310054BED1 /* meeterUITests.xctest */;
			productType = "com.apple.product-type.bundle.ui-testing";
		};
/* End PBXNativeTarget section */

/* Begin PBXProject section */
		D5257A481DF9FB300054BED1 /* Project object */ = {
			isa = PBXProject;
			attributes = {
				LastSwiftUpdateCheck = 0800;
				LastUpgradeCheck = 0800;
				ORGANIZATIONNAME = "Dawid Markowski";
				TargetAttributes = {
					D5257A4F1DF9FB300054BED1 = {
						CreatedOnToolsVersion = 8.0;
						ProvisioningStyle = Automatic;
					};
					D5257A631DF9FB310054BED1 = {
						CreatedOnToolsVersion = 8.0;
						ProvisioningStyle = Automatic;
						TestTargetID = D5257A4F1DF9FB300054BED1;
					};
					D5257A6E1DF9FB310054BED1 = {
						CreatedOnToolsVersion = 8.0;
						ProvisioningStyle = Automatic;
						TestTargetID = D5257A4F1DF9FB300054BED1;
					};
				};
			};
			buildConfigurationList = D5257A4B1DF9FB300054BED1 /* Build configuration list for PBXProject "meeter" */;
			compatibilityVersion = "Xcode 3.2";
			developmentRegion = English;
			hasScannedForEncodings = 0;
			knownRegions = (
				en,
				Base,
			);
			mainGroup = D5257A471DF9FB300054BED1;
			productRefGroup = D5257A511DF9FB310054BED1 /* Products */;
			projectDirPath = "";
			projectRoot = "";
			targets = (
				D5257A4F1DF9FB300054BED1 /* meeter */,
				D5257A631DF9FB310054BED1 /* meeterTests */,
				D5257A6E1DF9FB310054BED1 /* meeterUITests */,
			);
		};
/* End PBXProject section */

/* Begin PBXResourcesBuildPhase section */
		D5257A4E1DF9FB300054BED1 /* Resources */ = {
			isa = PBXResourcesBuildPhase;
			buildActionMask = 2147483647;
			files = (
				753FD7A65A41DAE821DCEBD6 /* Assets.xcassets in Resources */,
			);
			runOnlyForDeploymentPostprocessing = 0;
		};
		D5257A621DF9FB310054BED1 /* Resources */ = {
			isa = PBXResourcesBuildPhase;
			buildActionMask = 2147483647;
			files = (
			);
			runOnlyForDeploymentPostprocessing = 0;
		};
		D5257A6D1DF9FB310054BED1 /* Resources */ = {
			isa = PBXResourcesBuildPhase;
			buildActionMask = 2147483647;
			files = (
			);
			runOnlyForDeploymentPostprocessing = 0;
		};
/* End PBXResourcesBuildPhase section */

/* Begin PBXShellScriptBuildPhase section */
		162A00825FC720135D1A09BA /* [CP] Copy Pods Resources */ = {
			isa = PBXShellScriptBuildPhase;
			buildActionMask = 2147483647;
			files = (
			);
			inputPaths = (
			);
			name = "[CP] Copy Pods Resources";
			outputPaths = (
			);
			runOnlyForDeploymentPostprocessing = 0;
			shellPath = /bin/sh;
			shellScript = "\"${SRCROOT}/Pods/Target Support Files/Pods-meeterTests/Pods-meeterTests-resources.sh\"\n";
			showEnvVarsInLog = 0;
		};
		1FF38F64A4E260003E198559 /* [CP] Check Pods Manifest.lock */ = {
			isa = PBXShellScriptBuildPhase;
			buildActionMask = 2147483647;
			files = (
			);
			inputPaths = (
			);
			name = "[CP] Check Pods Manifest.lock";
			outputPaths = (
			);
			runOnlyForDeploymentPostprocessing = 0;
			shellPath = /bin/sh;
			shellScript = "diff \"${PODS_ROOT}/../Podfile.lock\" \"${PODS_ROOT}/Manifest.lock\" > /dev/null\nif [ $? != 0 ] ; then\n    # print error to STDERR\n    echo \"error: The sandbox is not in sync with the Podfile.lock. Run 'pod install' or update your CocoaPods installation.\" >&2\n    exit 1\nfi\n";
			showEnvVarsInLog = 0;
		};
		63BB2C16ABEDD56E56EB781C /* [CP] Copy Pods Resources */ = {
			isa = PBXShellScriptBuildPhase;
			buildActionMask = 2147483647;
			files = (
			);
			inputPaths = (
			);
			name = "[CP] Copy Pods Resources";
			outputPaths = (
			);
			runOnlyForDeploymentPostprocessing = 0;
			shellPath = /bin/sh;
			shellScript = "\"${SRCROOT}/Pods/Target Support Files/Pods-meeter/Pods-meeter-resources.sh\"\n";
			showEnvVarsInLog = 0;
		};
		9AC705228BE3153C34DBB1B2 /* [CP] Check Pods Manifest.lock */ = {
			isa = PBXShellScriptBuildPhase;
			buildActionMask = 2147483647;
			files = (
			);
			inputPaths = (
			);
			name = "[CP] Check Pods Manifest.lock";
			outputPaths = (
			);
			runOnlyForDeploymentPostprocessing = 0;
			shellPath = /bin/sh;
			shellScript = "diff \"${PODS_ROOT}/../Podfile.lock\" \"${PODS_ROOT}/Manifest.lock\" > /dev/null\nif [ $? != 0 ] ; then\n    # print error to STDERR\n    echo \"error: The sandbox is not in sync with the Podfile.lock. Run 'pod install' or update your CocoaPods installation.\" >&2\n    exit 1\nfi\n";
			showEnvVarsInLog = 0;
		};
		9E84396301D081C7E3117BE3 /* [CP] Embed Pods Frameworks */ = {
			isa = PBXShellScriptBuildPhase;
			buildActionMask = 2147483647;
			files = (
			);
			inputPaths = (
			);
			name = "[CP] Embed Pods Frameworks";
			outputPaths = (
			);
			runOnlyForDeploymentPostprocessing = 0;
			shellPath = /bin/sh;
			shellScript = "\"${SRCROOT}/Pods/Target Support Files/Pods-meeterTests/Pods-meeterTests-frameworks.sh\"\n";
			showEnvVarsInLog = 0;
		};
		B3EACBE6F363A5ACC0A5A152 /* [CP] Embed Pods Frameworks */ = {
			isa = PBXShellScriptBuildPhase;
			buildActionMask = 2147483647;
			files = (
			);
			inputPaths = (
			);
			name = "[CP] Embed Pods Frameworks";
			outputPaths = (
			);
			runOnlyForDeploymentPostprocessing = 0;
			shellPath = /bin/sh;
			shellScript = "\"${SRCROOT}/Pods/Target Support Files/Pods-meeter/Pods-meeter-frameworks.sh\"\n";
			showEnvVarsInLog = 0;
		};
/* End PBXShellScriptBuildPhase section */

/* Begin PBXSourcesBuildPhase section */
		D5257A4C1DF9FB300054BED1 /* Sources */ = {
			isa = PBXSourcesBuildPhase;
			buildActionMask = 2147483647;
			files = (
				753FDD14958678D88F0693A8 /* RootViewController.swift in Sources */,
				753FD9F496E6E39B37058B88 /* AppDelegate.swift in Sources */,
				753FD122452EB410DDFCA707 /* ViewController.swift in Sources */,
			);
			runOnlyForDeploymentPostprocessing = 0;
		};
		D5257A601DF9FB310054BED1 /* Sources */ = {
			isa = PBXSourcesBuildPhase;
			buildActionMask = 2147483647;
			files = (
				D5257A691DF9FB310054BED1 /* meeterSpec.swift in Sources */,
			);
			runOnlyForDeploymentPostprocessing = 0;
		};
		D5257A6B1DF9FB310054BED1 /* Sources */ = {
			isa = PBXSourcesBuildPhase;
			buildActionMask = 2147483647;
			files = (
				D5257A741DF9FB310054BED1 /* meeterUITests.swift in Sources */,
			);
			runOnlyForDeploymentPostprocessing = 0;
		};
/* End PBXSourcesBuildPhase section */

/* Begin PBXTargetDependency section */
		D5257A661DF9FB310054BED1 /* PBXTargetDependency */ = {
			isa = PBXTargetDependency;
			target = D5257A4F1DF9FB300054BED1 /* meeter */;
			targetProxy = D5257A651DF9FB310054BED1 /* PBXContainerItemProxy */;
		};
		D5257A711DF9FB310054BED1 /* PBXTargetDependency */ = {
			isa = PBXTargetDependency;
			target = D5257A4F1DF9FB300054BED1 /* meeter */;
			targetProxy = D5257A701DF9FB310054BED1 /* PBXContainerItemProxy */;
		};
/* End PBXTargetDependency section */

/* Begin XCBuildConfiguration section */
		D5257A761DF9FB310054BED1 /* Debug */ = {
			isa = XCBuildConfiguration;
			buildSettings = {
				ALWAYS_SEARCH_USER_PATHS = NO;
				CLANG_ANALYZER_NONNULL = YES;
				CLANG_CXX_LANGUAGE_STANDARD = "gnu++0x";
				CLANG_CXX_LIBRARY = "libc++";
				CLANG_ENABLE_MODULES = YES;
				CLANG_ENABLE_OBJC_ARC = YES;
				CLANG_WARN_BOOL_CONVERSION = YES;
				CLANG_WARN_CONSTANT_CONVERSION = YES;
				CLANG_WARN_DIRECT_OBJC_ISA_USAGE = YES_ERROR;
				CLANG_WARN_DOCUMENTATION_COMMENTS = YES;
				CLANG_WARN_EMPTY_BODY = YES;
				CLANG_WARN_ENUM_CONVERSION = YES;
				CLANG_WARN_INFINITE_RECURSION = YES;
				CLANG_WARN_INT_CONVERSION = YES;
				CLANG_WARN_OBJC_ROOT_CLASS = YES_ERROR;
				CLANG_WARN_SUSPICIOUS_MOVES = YES;
				CLANG_WARN_UNREACHABLE_CODE = YES;
				CLANG_WARN__DUPLICATE_METHOD_MATCH = YES;
				"CODE_SIGN_IDENTITY[sdk=iphoneos*]" = "iPhone Developer";
				COPY_PHASE_STRIP = NO;
				DEBUG_INFORMATION_FORMAT = dwarf;
				ENABLE_STRICT_OBJC_MSGSEND = YES;
				ENABLE_TESTABILITY = YES;
				GCC_C_LANGUAGE_STANDARD = gnu99;
				GCC_DYNAMIC_NO_PIC = NO;
				GCC_NO_COMMON_BLOCKS = YES;
				GCC_OPTIMIZATION_LEVEL = 0;
				GCC_PREPROCESSOR_DEFINITIONS = (
					"DEBUG=1",
					"$(inherited)",
				);
				GCC_WARN_64_TO_32_BIT_CONVERSION = YES;
				GCC_WARN_ABOUT_RETURN_TYPE = YES_ERROR;
				GCC_WARN_UNDECLARED_SELECTOR = YES;
				GCC_WARN_UNINITIALIZED_AUTOS = YES_AGGRESSIVE;
				GCC_WARN_UNUSED_FUNCTION = YES;
				GCC_WARN_UNUSED_VARIABLE = YES;
				IPHONEOS_DEPLOYMENT_TARGET = 10.0;
				MTL_ENABLE_DEBUG_INFO = YES;
				ONLY_ACTIVE_ARCH = YES;
				SDKROOT = iphoneos;
				SWIFT_ACTIVE_COMPILATION_CONDITIONS = DEBUG;
				SWIFT_OPTIMIZATION_LEVEL = "-Onone";
			};
			name = Debug;
		};
		D5257A771DF9FB310054BED1 /* Release */ = {
			isa = XCBuildConfiguration;
			buildSettings = {
				ALWAYS_SEARCH_USER_PATHS = NO;
				CLANG_ANALYZER_NONNULL = YES;
				CLANG_CXX_LANGUAGE_STANDARD = "gnu++0x";
				CLANG_CXX_LIBRARY = "libc++";
				CLANG_ENABLE_MODULES = YES;
				CLANG_ENABLE_OBJC_ARC = YES;
				CLANG_WARN_BOOL_CONVERSION = YES;
				CLANG_WARN_CONSTANT_CONVERSION = YES;
				CLANG_WARN_DIRECT_OBJC_ISA_USAGE = YES_ERROR;
				CLANG_WARN_DOCUMENTATION_COMMENTS = YES;
				CLANG_WARN_EMPTY_BODY = YES;
				CLANG_WARN_ENUM_CONVERSION = YES;
				CLANG_WARN_INFINITE_RECURSION = YES;
				CLANG_WARN_INT_CONVERSION = YES;
				CLANG_WARN_OBJC_ROOT_CLASS = YES_ERROR;
				CLANG_WARN_SUSPICIOUS_MOVES = YES;
				CLANG_WARN_UNREACHABLE_CODE = YES;
				CLANG_WARN__DUPLICATE_METHOD_MATCH = YES;
				"CODE_SIGN_IDENTITY[sdk=iphoneos*]" = "iPhone Developer";
				COPY_PHASE_STRIP = NO;
				DEBUG_INFORMATION_FORMAT = "dwarf-with-dsym";
				ENABLE_NS_ASSERTIONS = NO;
				ENABLE_STRICT_OBJC_MSGSEND = YES;
				GCC_C_LANGUAGE_STANDARD = gnu99;
				GCC_NO_COMMON_BLOCKS = YES;
				GCC_WARN_64_TO_32_BIT_CONVERSION = YES;
				GCC_WARN_ABOUT_RETURN_TYPE = YES_ERROR;
				GCC_WARN_UNDECLARED_SELECTOR = YES;
				GCC_WARN_UNINITIALIZED_AUTOS = YES_AGGRESSIVE;
				GCC_WARN_UNUSED_FUNCTION = YES;
				GCC_WARN_UNUSED_VARIABLE = YES;
				IPHONEOS_DEPLOYMENT_TARGET = 10.0;
				MTL_ENABLE_DEBUG_INFO = NO;
				SDKROOT = iphoneos;
				SWIFT_OPTIMIZATION_LEVEL = "-Owholemodule";
				VALIDATE_PRODUCT = YES;
			};
			name = Release;
		};
		D5257A791DF9FB310054BED1 /* Debug */ = {
			isa = XCBuildConfiguration;
			baseConfigurationReference = D0505287D8F33A2E4BB3CF84 /* Pods-meeter.debug.xcconfig */;
			buildSettings = {
				ALWAYS_EMBED_SWIFT_STANDARD_LIBRARIES = "$(inherited)";
				ASSETCATALOG_COMPILER_APPICON_NAME = AppIcon;
				INFOPLIST_FILE = meeter/Resources/Plists/Info.plist;
				LD_RUNPATH_SEARCH_PATHS = "$(inherited) @executable_path/Frameworks";
				PRODUCT_BUNDLE_IDENTIFIER = com.markowski.meeter;
				PRODUCT_NAME = "$(TARGET_NAME)";
				SWIFT_VERSION = 3.0;
			};
			name = Debug;
		};
		D5257A7A1DF9FB310054BED1 /* Release */ = {
			isa = XCBuildConfiguration;
			baseConfigurationReference = E82853A199286AE1989592EF /* Pods-meeter.release.xcconfig */;
			buildSettings = {
				ALWAYS_EMBED_SWIFT_STANDARD_LIBRARIES = "$(inherited)";
				ASSETCATALOG_COMPILER_APPICON_NAME = AppIcon;
				INFOPLIST_FILE = meeter/Resources/Plists/Info.plist;
				LD_RUNPATH_SEARCH_PATHS = "$(inherited) @executable_path/Frameworks";
				PRODUCT_BUNDLE_IDENTIFIER = com.markowski.meeter;
				PRODUCT_NAME = "$(TARGET_NAME)";
				SWIFT_VERSION = 3.0;
			};
			name = Release;
		};
		D5257A7C1DF9FB310054BED1 /* Debug */ = {
			isa = XCBuildConfiguration;
			baseConfigurationReference = 2B7AEA6766BCE9C2BDC3362A /* Pods-meeterTests.debug.xcconfig */;
			buildSettings = {
				ALWAYS_EMBED_SWIFT_STANDARD_LIBRARIES = "$(inherited)";
				BUNDLE_LOADER = "$(TEST_HOST)";
				INFOPLIST_FILE = meeterTests/Info.plist;
				LD_RUNPATH_SEARCH_PATHS = "$(inherited) @executable_path/Frameworks @loader_path/Frameworks";
				PRODUCT_BUNDLE_IDENTIFIER = com.markowski.meeterTests;
				PRODUCT_NAME = "$(TARGET_NAME)";
				SWIFT_VERSION = 3.0;
				TEST_HOST = "$(BUILT_PRODUCTS_DIR)/meeter.app/meeter";
			};
			name = Debug;
		};
		D5257A7D1DF9FB310054BED1 /* Release */ = {
			isa = XCBuildConfiguration;
			baseConfigurationReference = 26EDD54FB1D07DF273B83D5C /* Pods-meeterTests.release.xcconfig */;
			buildSettings = {
				ALWAYS_EMBED_SWIFT_STANDARD_LIBRARIES = "$(inherited)";
				BUNDLE_LOADER = "$(TEST_HOST)";
				INFOPLIST_FILE = meeterTests/Info.plist;
				LD_RUNPATH_SEARCH_PATHS = "$(inherited) @executable_path/Frameworks @loader_path/Frameworks";
				PRODUCT_BUNDLE_IDENTIFIER = com.markowski.meeterTests;
				PRODUCT_NAME = "$(TARGET_NAME)";
				SWIFT_VERSION = 3.0;
				TEST_HOST = "$(BUILT_PRODUCTS_DIR)/meeter.app/meeter";
			};
			name = Release;
		};
		D5257A7F1DF9FB310054BED1 /* Debug */ = {
			isa = XCBuildConfiguration;
			buildSettings = {
				ALWAYS_EMBED_SWIFT_STANDARD_LIBRARIES = "$(inherited)";
				INFOPLIST_FILE = meeterUITests/Info.plist;
				LD_RUNPATH_SEARCH_PATHS = "$(inherited) @executable_path/Frameworks @loader_path/Frameworks";
				PRODUCT_BUNDLE_IDENTIFIER = com.markowski.meeterUITests;
				PRODUCT_NAME = "$(TARGET_NAME)";
				SWIFT_VERSION = 3.0;
				TEST_TARGET_NAME = meeter;
			};
			name = Debug;
		};
		D5257A801DF9FB310054BED1 /* Release */ = {
			isa = XCBuildConfiguration;
			buildSettings = {
				ALWAYS_EMBED_SWIFT_STANDARD_LIBRARIES = "$(inherited)";
				INFOPLIST_FILE = meeterUITests/Info.plist;
				LD_RUNPATH_SEARCH_PATHS = "$(inherited) @executable_path/Frameworks @loader_path/Frameworks";
				PRODUCT_BUNDLE_IDENTIFIER = com.markowski.meeterUITests;
				PRODUCT_NAME = "$(TARGET_NAME)";
				SWIFT_VERSION = 3.0;
				TEST_TARGET_NAME = meeter;
			};
			name = Release;
		};
/* End XCBuildConfiguration section */

/* Begin XCConfigurationList section */
		D5257A4B1DF9FB300054BED1 /* Build configuration list for PBXProject "meeter" */ = {
			isa = XCConfigurationList;
			buildConfigurations = (
				D5257A761DF9FB310054BED1 /* Debug */,
				D5257A771DF9FB310054BED1 /* Release */,
			);
			defaultConfigurationIsVisible = 0;
			defaultConfigurationName = Release;
		};
		D5257A781DF9FB310054BED1 /* Build configuration list for PBXNativeTarget "meeter" */ = {
			isa = XCConfigurationList;
			buildConfigurations = (
				D5257A791DF9FB310054BED1 /* Debug */,
				D5257A7A1DF9FB310054BED1 /* Release */,
			);
			defaultConfigurationIsVisible = 0;
			defaultConfigurationName = Release;
		};
		D5257A7B1DF9FB310054BED1 /* Build configuration list for PBXNativeTarget "meeterTests" */ = {
			isa = XCConfigurationList;
			buildConfigurations = (
				D5257A7C1DF9FB310054BED1 /* Debug */,
				D5257A7D1DF9FB310054BED1 /* Release */,
			);
			defaultConfigurationIsVisible = 0;
			defaultConfigurationName = Release;
		};
		D5257A7E1DF9FB310054BED1 /* Build configuration list for PBXNativeTarget "meeterUITests" */ = {
			isa = XCConfigurationList;
			buildConfigurations = (
				D5257A7F1DF9FB310054BED1 /* Debug */,
				D5257A801DF9FB310054BED1 /* Release */,
			);
			defaultConfigurationIsVisible = 0;
			defaultConfigurationName = Release;
		};
/* End XCConfigurationList section */
	};
	rootObject = D5257A481DF9FB300054BED1 /* Project object */;
}
